lockfileVersion: '6.0'

settings:
  autoInstallPeers: true
  excludeLinksFromLockfile: false

importers:

  .:
    devDependencies:
      '@bazel/bazelisk':
        specifier: ^1.19.0
        version: 1.19.0
      '@bazel/ibazel':
        specifier: ^0.25.0
        version: 0.25.0
      typescript:
        specifier: ^5.4.5
        version: 5.4.5

  pkgs/foo-app: {}

packages:

  /@bazel/bazelisk@1.19.0:
    resolution: {integrity: sha512-8PyRGRj/CN286IFHVILgYZ2lQ/JvgQ25ZEgoUAkpSnGmbPdQnKyHtTGEG+Sf0AISFqP5+PPzN162DcizZ/bR9w==}
    hasBin: true
    dev: true

  /@bazel/ibazel@0.25.0:
    resolution: {integrity: sha512-dtosfsuZCSaqlUe5EyxNdaN7Gow0Y+ZJixdlciytcSieUcB/1lXPFTx6OihxhjgtTHkeFovlQ/QbvArRPnk+nQ==}
    hasBin: true
    dev: true

  /typescript@5.4.5:
    resolution: {integrity: sha512-vcI4UpRgg81oIRUFwR0WSIHKt11nJ7SAVlYNIu+QpqeyXP+gpQJy/Z4+F0aGxSE4MqwjyXvW/TzgkLAx2AGHwQ==}
    engines: {node: '>=14.17'}
    hasBin: true
    dev: true
